// !$*UTF8*$!
{
	archiveVersion = 1;
	classes = {
	};
	objectVersion = 77;
	objects = {

/* Begin PBXContainerItemProxy section */
		B8FF3DB22E53F84B002BEA85 /* PBXContainerItemProxy */ = {
			isa = PBXContainerItemProxy;
			containerPortal = B8FF3D9C2E53F848002BEA85 /* Project object */;
			proxyType = 1;
			remoteGlobalIDString = B8FF3DA32E53F848002BEA85;
			remoteInfo = Biblio;
		};
		B8FF3DBC2E53F84B002BEA85 /* PBXContainerItemProxy */ = {
			isa = PBXContainerItemProxy;
			containerPortal = B8FF3D9C2E53F848002BEA85 /* Project object */;
			proxyType = 1;
			remoteGlobalIDString = B8FF3DA32E53F848002BEA85;
			remoteInfo = Biblio;
		};
/* End PBXContainerItemProxy section */

/* Begin PBXFileReference section */
		B8FF3DA42E53F848002BEA85 /* Biblio.app */ = {isa = PBXFileReference; explicitFileType = wrapper.application; includeInIndex = 0; path = Biblio.app; sourceTree = BUILT_PRODUCTS_DIR; };
		B8FF3DB12E53F84B002BEA85 /* BiblioTests.xctest */ = {isa = PBXFileReference; explicitFileType = wrapper.cfbundle; includeInIndex = 0; path = BiblioTests.xctest; sourceTree = BUILT_PRODUCTS_DIR; };
		B8FF3DBB2E53F84B002BEA85 /* BiblioUITests.xctest */ = {isa = PBXFileReference; explicitFileType = wrapper.cfbundle; includeInIndex = 0; path = BiblioUITests.xctest; sourceTree = BUILT_PRODUCTS_DIR; };
/* End PBXFileReference section */

/* Begin PBXFileSystemSynchronizedRootGroup section */
		B8FF3DA62E53F848002BEA85 /* Biblio */ = {
			isa = PBXFileSystemSynchronizedRootGroup;
			path = Biblio;
			sourceTree = "<group>";
		};
		B8FF3DB42E53F84B002BEA85 /* BiblioTests */ = {
			isa = PBXFileSystemSynchronizedRootGroup;
			path = BiblioTests;
			sourceTree = "<group>";
		};
		B8FF3DBE2E53F84B002BEA85 /* BiblioUITests */ = {
			isa = PBXFileSystemSynchronizedRootGroup;
			path = BiblioUITests;
			sourceTree = "<group>";
		};
/* End PBXFileSystemSynchronizedRootGroup section */

/* Begin PBXFrameworksBuildPhase section */
		B8FF3DA12E53F848002BEA85 /* Frameworks */ = {
			isa = PBXFrameworksBuildPhase;
			buildActionMask = 2147483647;
			files = (
			);
			runOnlyForDeploymentPostprocessing = 0;
		};
		B8FF3DAE2E53F84B002BEA85 /* Frameworks */ = {
			isa = PBXFrameworksBuildPhase;
			buildActionMask = 2147483647;
			files = (
			);
			runOnlyForDeploymentPostprocessing = 0;
		};
		B8FF3DB82E53F84B002BEA85 /* Frameworks */ = {
			isa = PBXFrameworksBuildPhase;
			buildActionMask = 2147483647;
			files = (
			);
			runOnlyForDeploymentPostprocessing = 0;
		};
/* End PBXFrameworksBuildPhase section */

/* Begin PBXGroup section */
		B8FF3D9B2E53F848002BEA85 = {
			isa = PBXGroup;
			children = (
				B8FF3DA62E53F848002BEA85 /* Biblio */,
				B8FF3DB42E53F84B002BEA85 /* BiblioTests */,
				B8FF3DBE2E53F84B002BEA85 /* BiblioUITests */,
				B8FF3DA52E53F848002BEA85 /* Products */,
			);
			sourceTree = "<group>";
		};
		B8FF3DA52E53F848002BEA85 /* Products */ = {
			isa = PBXGroup;
			children = (
				B8FF3DA42E53F848002BEA85 /* Biblio.app */,
				B8FF3DB12E53F84B002BEA85 /* BiblioTests.xctest */,
				B8FF3DBB2E53F84B002BEA85 /* BiblioUITests.xctest */,
			);
			name = Products;
			sourceTree = "<group>";
		};
/* End PBXGroup section */

/* Begin PBXNativeTarget section */
		B8FF3DA32E53F848002BEA85 /* Biblio */ = {
			isa = PBXNativeTarget;
			buildConfigurationList = B8FF3DC52E53F84B002BEA85 /* Build configuration list for PBXNativeTarget "Biblio" */;
			buildPhases = (
				B8FF3DA02E53F848002BEA85 /* Sources */,
				B8FF3DA12E53F848002BEA85 /* Frameworks */,
				B8FF3DA22E53F848002BEA85 /* Resources */,
			);
			buildRules = (
			);
			dependencies = (
			);
			fileSystemSynchronizedGroups = (
				B8FF3DA62E53F848002BEA85 /* Biblio */,
			);
			name = Biblio;
			packageProductDependencies = (
			);
			productName = Biblio;
			productReference = B8FF3DA42E53F848002BEA85 /* Biblio.app */;
			productType = "com.apple.product-type.application";
		};
		B8FF3DB02E53F84B002BEA85 /* BiblioTests */ = {
			isa = PBXNativeTarget;
			buildConfigurationList = B8FF3DC82E53F84B002BEA85 /* Build configuration list for PBXNativeTarget "BiblioTests" */;
			buildPhases = (
				B8FF3DAD2E53F84B002BEA85 /* Sources */,
				B8FF3DAE2E53F84B002BEA85 /* Frameworks */,
				B8FF3DAF2E53F84B002BEA85 /* Resources */,
			);
			buildRules = (
			);
			dependencies = (
				B8FF3DB32E53F84B002BEA85 /* PBXTargetDependency */,
			);
			fileSystemSynchronizedGroups = (
				B8FF3DB42E53F84B002BEA85 /* BiblioTests */,
			);
			name = BiblioTests;
			packageProductDependencies = (
			);
			productName = BiblioTests;
			productReference = B8FF3DB12E53F84B002BEA85 /* BiblioTests.xctest */;
			productType = "com.apple.product-type.bundle.unit-test";
		};
		B8FF3DBA2E53F84B002BEA85 /* BiblioUITests */ = {
			isa = PBXNativeTarget;
			buildConfigurationList = B8FF3DCB2E53F84B002BEA85 /* Build configuration list for PBXNativeTarget "BiblioUITests" */;
			buildPhases = (
				B8FF3DB72E53F84B002BEA85 /* Sources */,
				B8FF3DB82E53F84B002BEA85 /* Frameworks */,
				B8FF3DB92E53F84B002BEA85 /* Resources */,
			);
			buildRules = (
			);
			dependencies = (
				B8FF3DBD2E53F84B002BEA85 /* PBXTargetDependency */,
			);
			fileSystemSynchronizedGroups = (
				B8FF3DBE2E53F84B002BEA85 /* BiblioUITests */,
			);
			name = BiblioUITests;
			packageProductDependencies = (
			);
			productName = BiblioUITests;
			productReference = B8FF3DBB2E53F84B002BEA85 /* BiblioUITests.xctest */;
			productType = "com.apple.product-type.bundle.ui-testing";
		};
/* End PBXNativeTarget section */

/* Begin PBXProject section */
		B8FF3D9C2E53F848002BEA85 /* Project object */ = {
			isa = PBXProject;
			attributes = {
				BuildIndependentTargetsInParallel = 1;
				LastSwiftUpdateCheck = 1640;
				LastUpgradeCheck = 1640;
				TargetAttributes = {
					B8FF3DA32E53F848002BEA85 = {
						CreatedOnToolsVersion = 16.4;
					};
					B8FF3DB02E53F84B002BEA85 = {
						CreatedOnToolsVersion = 16.4;
						TestTargetID = B8FF3DA32E53F848002BEA85;
					};
					B8FF3DBA2E53F84B002BEA85 = {
						CreatedOnToolsVersion = 16.4;
						TestTargetID = B8FF3DA32E53F848002BEA85;
					};
				};
			};
			buildConfigurationList = B8FF3D9F2E53F848002BEA85 /* Build configuration list for PBXProject "Biblio" */;
			developmentRegion = en;
			hasScannedForEncodings = 0;
			knownRegions = (
				en,
				Base,
			);
			mainGroup = B8FF3D9B2E53F848002BEA85;
			minimizedProjectReferenceProxies = 1;
			preferredProjectObjectVersion = 77;
			productRefGroup = B8FF3DA52E53F848002BEA85 /* Products */;
			projectDirPath = "";
			projectRoot = "";
			targets = (
				B8FF3DA32E53F848002BEA85 /* Biblio */,
				B8FF3DB02E53F84B002BEA85 /* BiblioTests */,
				B8FF3DBA2E53F84B002BEA85 /* BiblioUITests */,
			);
		};
/* End PBXProject section */

/* Begin PBXResourcesBuildPhase section */
		B8FF3DA22E53F848002BEA85 /* Resources */ = {
			isa = PBXResourcesBuildPhase;
			buildActionMask = 2147483647;
			files = (
			);
			runOnlyForDeploymentPostprocessing = 0;
		};
		B8FF3DAF2E53F84B002BEA85 /* Resources */ = {
			isa = PBXResourcesBuildPhase;
			buildActionMask = 2147483647;
			files = (
			);
			runOnlyForDeploymentPostprocessing = 0;
		};
		B8FF3DB92E53F84B002BEA85 /* Resources */ = {
			isa = PBXResourcesBuildPhase;
			buildActionMask = 2147483647;
			files = (
			);
			runOnlyForDeploymentPostprocessing = 0;
		};
/* End PBXResourcesBuildPhase section */

/* Begin PBXSourcesBuildPhase section */
		B8FF3DA02E53F848002BEA85 /* Sources */ = {
			isa = PBXSourcesBuildPhase;
			buildActionMask = 2147483647;
			files = (
			);
			runOnlyForDeploymentPostprocessing = 0;
		};
		B8FF3DAD2E53F84B002BEA85 /* Sources */ = {
			isa = PBXSourcesBuildPhase;
			buildActionMask = 2147483647;
			files = (
			);
			runOnlyForDeploymentPostprocessing = 0;
		};
		B8FF3DB72E53F84B002BEA85 /* Sources */ = {
			isa = PBXSourcesBuildPhase;
			buildActionMask = 2147483647;
			files = (
			);
			runOnlyForDeploymentPostprocessing = 0;
		};
/* End PBXSourcesBuildPhase section */

/* Begin PBXTargetDependency section */
		B8FF3DB32E53F84B002BEA85 /* PBXTargetDependency */ = {
			isa = PBXTargetDependency;
			target = B8FF3DA32E53F848002BEA85 /* Biblio */;
			targetProxy = B8FF3DB22E53F84B002BEA85 /* PBXContainerItemProxy */;
		};
		B8FF3DBD2E53F84B002BEA85 /* PBXTargetDependency */ = {
			isa = PBXTargetDependency;
			target = B8FF3DA32E53F848002BEA85 /* Biblio */;
			targetProxy = B8FF3DBC2E53F84B002BEA85 /* PBXContainerItemProxy */;
		};
/* End PBXTargetDependency section */

/* Begin XCBuildConfiguration section */
		B8FF3DC32E53F84B002BEA85 /* Debug */ = {
			isa = XCBuildConfiguration;
			buildSettings = {
				ALWAYS_SEARCH_USER_PATHS = NO;
				ASSETCATALOG_COMPILER_GENERATE_SWIFT_ASSET_SYMBOL_EXTENSIONS = YES;
				CLANG_ANALYZER_NONNULL = YES;
				CLANG_ANALYZER_NUMBER_OBJECT_CONVERSION = YES_AGGRESSIVE;
				CLANG_CXX_LANGUAGE_STANDARD = "gnu++20";
				CLANG_ENABLE_MODULES = YES;
				CLANG_ENABLE_OBJC_ARC = YES;
				CLANG_ENABLE_OBJC_WEAK = YES;
				CLANG_WARN_BLOCK_CAPTURE_AUTORELEASING = YES;
				CLANG_WARN_BOOL_CONVERSION = YES;
				CLANG_WARN_COMMA = YES;
				CLANG_WARN_CONSTANT_CONVERSION = YES;
				CLANG_WARN_DEPRECATED_OBJC_IMPLEMENTATIONS = YES;
				CLANG_WARN_DIRECT_OBJC_ISA_USAGE = YES_ERROR;
				CLANG_WARN_DOCUMENTATION_COMMENTS = YES;
				CLANG_WARN_EMPTY_BODY = YES;
				CLANG_WARN_ENUM_CONVERSION = YES;
				CLANG_WARN_INFINITE_RECURSION = YES;
				CLANG_WARN_INT_CONVERSION = YES;
				CLANG_WARN_NON_LITERAL_NULL_CONVERSION = YES;
				CLANG_WARN_OBJC_IMPLICIT_RETAIN_SELF = YES;
				CLANG_WARN_OBJC_LITERAL_CONVERSION = YES;
				CLANG_WARN_OBJC_ROOT_CLASS = YES_ERROR;
				CLANG_WARN_QUOTED_INCLUDE_IN_FRAMEWORK_HEADER = YES;
				CLANG_WARN_RANGE_LOOP_ANALYSIS = YES;
				CLANG_WARN_STRICT_PROTOTYPES = YES;
				CLANG_WARN_SUSPICIOUS_MOVE = YES;
				CLANG_WARN_UNGUARDED_AVAILABILITY = YES_AGGRESSIVE;
				CLANG_WARN_UNREACHABLE_CODE = YES;
				CLANG_WARN__DUPLICATE_METHOD_MATCH = YES;
				COPY_PHASE_STRIP = NO;
				DEBUG_INFORMATION_FORMAT = dwarf;
				ENABLE_STRICT_OBJC_MSGSEND = YES;
				ENABLE_TESTABILITY = YES;
				ENABLE_USER_SCRIPT_SANDBOXING = YES;
				GCC_C_LANGUAGE_STANDARD = gnu17;
				GCC_DYNAMIC_NO_PIC = NO;
				GCC_NO_COMMON_BLOCKS = YES;
				GCC_OPTIMIZATION_LEVEL = 0;
				GCC_PREPROCESSOR_DEFINITIONS = (
					"DEBUG=1",
					"$(inherited)",
				);
				GCC_WARN_64_TO_32_BIT_CONVERSION = YES;
				GCC_WARN_ABOUT_RETURN_TYPE = YES_ERROR;
				GCC_WARN_UNDECLARED_SELECTOR = YES;
				GCC_WARN_UNINITIALIZED_AUTOS = YES_AGGRESSIVE;
				GCC_WARN_UNUSED_FUNCTION = YES;
				GCC_WARN_UNUSED_VARIABLE = YES;
				IPHONEOS_DEPLOYMENT_TARGET = 18.5;
				LOCALIZATION_PREFERS_STRING_CATALOGS = YES;
				MTL_ENABLE_DEBUG_INFO = INCLUDE_SOURCE;
				MTL_FAST_MATH = YES;
				ONLY_ACTIVE_ARCH = YES;
				SDKROOT = iphoneos;
				SWIFT_ACTIVE_COMPILATION_CONDITIONS = "DEBUG $(inherited)";
				SWIFT_OPTIMIZATION_LEVEL = "-Onone";
			};
			name = Debug;
		};
		B8FF3DC42E53F84B002BEA85 /* Release */ = {
			isa = XCBuildConfiguration;
			buildSettings = {
				ALWAYS_SEARCH_USER_PATHS = NO;
				ASSETCATALOG_COMPILER_GENERATE_SWIFT_ASSET_SYMBOL_EXTENSIONS = YES;
				CLANG_ANALYZER_NONNULL = YES;
				CLANG_ANALYZER_NUMBER_OBJECT_CONVERSION = YES_AGGRESSIVE;
				CLANG_CXX_LANGUAGE_STANDARD = "gnu++20";
				CLANG_ENABLE_MODULES = YES;
				CLANG_ENABLE_OBJC_ARC = YES;
				CLANG_ENABLE_OBJC_WEAK = YES;
				CLANG_WARN_BLOCK_CAPTURE_AUTORELEASING = YES;
				CLANG_WARN_BOOL_CONVERSION = YES;
				CLANG_WARN_COMMA = YES;
				CLANG_WARN_CONSTANT_CONVERSION = YES;
				CLANG_WARN_DEPRECATED_OBJC_IMPLEMENTATIONS = YES;
				CLANG_WARN_DIRECT_OBJC_ISA_USAGE = YES_ERROR;
				CLANG_WARN_DOCUMENTATION_COMMENTS = YES;
				CLANG_WARN_EMPTY_BODY = YES;
				CLANG_WARN_ENUM_CONVERSION = YES;
				CLANG_WARN_INFINITE_RECURSION = YES;
				CLANG_WARN_INT_CONVERSION = YES;
				CLANG_WARN_NON_LITERAL_NULL_CONVERSION = YES;
				CLANG_WARN_OBJC_IMPLICIT_RETAIN_SELF = YES;
				CLANG_WARN_OBJC_LITERAL_CONVERSION = YES;
				CLANG_WARN_OBJC_ROOT_CLASS = YES_ERROR;
				CLANG_WARN_QUOTED_INCLUDE_IN_FRAMEWORK_HEADER = YES;
				CLANG_WARN_RANGE_LOOP_ANALYSIS = YES;
				CLANG_WARN_STRICT_PROTOTYPES = YES;
				CLANG_WARN_SUSPICIOUS_MOVE = YES;
				CLANG_WARN_UNGUARDED_AVAILABILITY = YES_AGGRESSIVE;
				CLANG_WARN_UNREACHABLE_CODE = YES;
				CLANG_WARN__DUPLICATE_METHOD_MATCH = YES;
				COPY_PHASE_STRIP = NO;
				DEBUG_INFORMATION_FORMAT = "dwarf-with-dsym";
				ENABLE_NS_ASSERTIONS = NO;
				ENABLE_STRICT_OBJC_MSGSEND = YES;
				ENABLE_USER_SCRIPT_SANDBOXING = YES;
				GCC_C_LANGUAGE_STANDARD = gnu17;
				GCC_NO_COMMON_BLOCKS = YES;
				GCC_WARN_64_TO_32_BIT_CONVERSION = YES;
				GCC_WARN_ABOUT_RETURN_TYPE = YES_ERROR;
				GCC_WARN_UNDECLARED_SELECTOR = YES;
				GCC_WARN_UNINITIALIZED_AUTOS = YES_AGGRESSIVE;
				GCC_WARN_UNUSED_FUNCTION = YES;
				GCC_WARN_UNUSED_VARIABLE = YES;
				IPHONEOS_DEPLOYMENT_TARGET = 18.5;
				LOCALIZATION_PREFERS_STRING_CATALOGS = YES;
				MTL_ENABLE_DEBUG_INFO = NO;
				MTL_FAST_MATH = YES;
				SDKROOT = iphoneos;
				SWIFT_COMPILATION_MODE = wholemodule;
				VALIDATE_PRODUCT = YES;
			};
			name = Release;
		};
		B8FF3DC62E53F84B002BEA85 /* Debug */ = {
			isa = XCBuildConfiguration;
			buildSettings = {
				ASSETCATALOG_COMPILER_APPICON_NAME = AppIcon;
				ASSETCATALOG_COMPILER_GLOBAL_ACCENT_COLOR_NAME = AccentColor;
				CODE_SIGN_STYLE = Automatic;
				CURRENT_PROJECT_VERSION = 1;
				ENABLE_PREVIEWS = YES;
				GENERATE_INFOPLIST_FILE = YES;
				INFOPLIST_KEY_UIApplicationSceneManifest_Generation = YES;
				INFOPLIST_KEY_UIApplicationSupportsIndirectInputEvents = YES;
				INFOPLIST_KEY_UILaunchScreen_Generation = YES;
				INFOPLIST_KEY_UISupportedInterfaceOrientations_iPad = "UIInterfaceOrientationPortrait UIInterfaceOrientationPortraitUpsideDown UIInterfaceOrientationLandscapeLeft UIInterfaceOrientationLandscapeRight";
				INFOPLIST_KEY_UISupportedInterfaceOrientations_iPhone = "UIInterfaceOrientationPortrait UIInterfaceOrientationLandscapeLeft UIInterfaceOrientationLandscapeRight";
				LD_RUNPATH_SEARCH_PATHS = (
					"$(inherited)",
					"@executable_path/Frameworks",
				);
				MARKETING_VERSION = 1.0;
				PRODUCT_BUNDLE_IDENTIFIER = jiatao.Biblio;
				PRODUCT_NAME = "$(TARGET_NAME)";
				SWIFT_EMIT_LOC_STRINGS = YES;
				SWIFT_VERSION = 5.0;
				TARGETED_DEVICE_FAMILY = "1,2";
			};
			name = Debug;
		};
		B8FF3DC72E53F84B002BEA85 /* Release */ = {
			isa = XCBuildConfiguration;
			buildSettings = {
				ASSETCATALOG_COMPILER_APPICON_NAME = AppIcon;
				ASSETCATALOG_COMPILER_GLOBAL_ACCENT_COLOR_NAME = AccentColor;
				CODE_SIGN_STYLE = Automatic;
				CURRENT_PROJECT_VERSION = 1;
				ENABLE_PREVIEWS = YES;
				GENERATE_INFOPLIST_FILE = YES;
				INFOPLIST_KEY_UIApplicationSceneManifest_Generation = YES;
				INFOPLIST_KEY_UIApplicationSupportsIndirectInputEvents = YES;
				INFOPLIST_KEY_UILaunchScreen_Generation = YES;
				INFOPLIST_KEY_UISupportedInterfaceOrientations_iPad = "UIInterfaceOrientationPortrait UIInterfaceOrientationPortraitUpsideDown UIInterfaceOrientationLandscapeLeft UIInterfaceOrientationLandscapeRight";
				INFOPLIST_KEY_UISupportedInterfaceOrientations_iPhone = "UIInterfaceOrientationPortrait UIInterfaceOrientationLandscapeLeft UIInterfaceOrientationLandscapeRight";
				LD_RUNPATH_SEARCH_PATHS = (
					"$(inherited)",
					"@executable_path/Frameworks",
				);
				MARKETING_VERSION = 1.0;
				PRODUCT_BUNDLE_IDENTIFIER = jiatao.Biblio;
				PRODUCT_NAME = "$(TARGET_NAME)";
				SWIFT_EMIT_LOC_STRINGS = YES;
				SWIFT_VERSION = 5.0;
				TARGETED_DEVICE_FAMILY = "1,2";
			};
			name = Release;
		};
		B8FF3DC92E53F84B002BEA85 /* Debug */ = {
			isa = XCBuildConfiguration;
			buildSettings = {
				BUNDLE_LOADER = "$(TEST_HOST)";
				CODE_SIGN_STYLE = Automatic;
				CURRENT_PROJECT_VERSION = 1;
				GENERATE_INFOPLIST_FILE = YES;
				IPHONEOS_DEPLOYMENT_TARGET = 18.5;
				MARKETING_VERSION = 1.0;
				PRODUCT_BUNDLE_IDENTIFIER = jiatao.BiblioTests;
				PRODUCT_NAME = "$(TARGET_NAME)";
				SWIFT_EMIT_LOC_STRINGS = NO;
				SWIFT_VERSION = 5.0;
				TARGETED_DEVICE_FAMILY = "1,2";
				TEST_HOST = "$(BUILT_PRODUCTS_DIR)/Biblio.app/$(BUNDLE_EXECUTABLE_FOLDER_PATH)/Biblio";
			};
			name = Debug;
		};
		B8FF3DCA2E53F84B002BEA85 /* Release */ = {
			isa = XCBuildConfiguration;
			buildSettings = {
				BUNDLE_LOADER = "$(TEST_HOST)";
				CODE_SIGN_STYLE = Automatic;
				CURRENT_PROJECT_VERSION = 1;
				GENERATE_INFOPLIST_FILE = YES;
				IPHONEOS_DEPLOYMENT_TARGET = 18.5;
				MARKETING_VERSION = 1.0;
				PRODUCT_BUNDLE_IDENTIFIER = jiatao.BiblioTests;
				PRODUCT_NAME = "$(TARGET_NAME)";
				SWIFT_EMIT_LOC_STRINGS = NO;
				SWIFT_VERSION = 5.0;
				TARGETED_DEVICE_FAMILY = "1,2";
				TEST_HOST = "$(BUILT_PRODUCTS_DIR)/Biblio.app/$(BUNDLE_EXECUTABLE_FOLDER_PATH)/Biblio";
			};
			name = Release;
		};
		B8FF3DCC2E53F84B002BEA85 /* Debug */ = {
			isa = XCBuildConfiguration;
			buildSettings = {
				CODE_SIGN_STYLE = Automatic;
				CURRENT_PROJECT_VERSION = 1;
				GENERATE_INFOPLIST_FILE = YES;
				MARKETING_VERSION = 1.0;
				PRODUCT_BUNDLE_IDENTIFIER = jiatao.BiblioUITests;
				PRODUCT_NAME = "$(TARGET_NAME)";
				SWIFT_EMIT_LOC_STRINGS = NO;
				SWIFT_VERSION = 5.0;
				TARGETED_DEVICE_FAMILY = "1,2";
				TEST_TARGET_NAME = Biblio;
			};
			name = Debug;
		};
		B8FF3DCD2E53F84B002BEA85 /* Release */ = {
			isa = XCBuildConfiguration;
			buildSettings = {
				CODE_SIGN_STYLE = Automatic;
				CURRENT_PROJECT_VERSION = 1;
				GENERATE_INFOPLIST_FILE = YES;
				MARKETING_VERSION = 1.0;
				PRODUCT_BUNDLE_IDENTIFIER = jiatao.BiblioUITests;
				PRODUCT_NAME = "$(TARGET_NAME)";
				SWIFT_EMIT_LOC_STRINGS = NO;
				SWIFT_VERSION = 5.0;
				TARGETED_DEVICE_FAMILY = "1,2";
				TEST_TARGET_NAME = Biblio;
			};
			name = Release;
		};
/* End XCBuildConfiguration section */

/* Begin XCConfigurationList section */
		B8FF3D9F2E53F848002BEA85 /* Build configuration list for PBXProject "Biblio" */ = {
			isa = XCConfigurationList;
			buildConfigurations = (
				B8FF3DC32E53F84B002BEA85 /* Debug */,
				B8FF3DC42E53F84B002BEA85 /* Release */,
			);
			defaultConfigurationIsVisible = 0;
			defaultConfigurationName = Release;
		};
		B8FF3DC52E53F84B002BEA85 /* Build configuration list for PBXNativeTarget "Biblio" */ = {
			isa = XCConfigurationList;
			buildConfigurations = (
				B8FF3DC62E53F84B002BEA85 /* Debug */,
				B8FF3DC72E53F84B002BEA85 /* Release */,
			);
			defaultConfigurationIsVisible = 0;
			defaultConfigurationName = Release;
		};
		B8FF3DC82E53F84B002BEA85 /* Build configuration list for PBXNativeTarget "BiblioTests" */ = {
			isa = XCConfigurationList;
			buildConfigurations = (
				B8FF3DC92E53F84B002BEA85 /* Debug */,
				B8FF3DCA2E53F84B002BEA85 /* Release */,
			);
			defaultConfigurationIsVisible = 0;
			defaultConfigurationName = Release;
		};
		B8FF3DCB2E53F84B002BEA85 /* Build configuration list for PBXNativeTarget "BiblioUITests" */ = {
			isa = XCConfigurationList;
			buildConfigurations = (
				B8FF3DCC2E53F84B002BEA85 /* Debug */,
				B8FF3DCD2E53F84B002BEA85 /* Release */,
			);
			defaultConfigurationIsVisible = 0;
			defaultConfigurationName = Release;
		};
/* End XCConfigurationList section */
	};
	rootObject = B8FF3D9C2E53F848002BEA85 /* Project object */;
}
